// !$*UTF8*$!
{
	archiveVersion = 1;
	classes = {
	};
	objectVersion = 56;
	objects = {

/* Begin PBXBuildFile section */
		686817E729DC804B005272C2 /* Person.swift in Sources */ = {isa = PBXBuildFile; fileRef = 686817E629DC804B005272C2 /* Person.swift */; };
		68A4521629DD784A00EFCC48 /* WelcomeViewController.swift in Sources */ = {isa = PBXBuildFile; fileRef = 68A4521529DD784A00EFCC48 /* WelcomeViewController.swift */; };
		68A4521829DD78AC00EFCC48 /* AboutMeViewController.swift in Sources */ = {isa = PBXBuildFile; fileRef = 68A4521729DD78AC00EFCC48 /* AboutMeViewController.swift */; };
		68A4521A29DD78BD00EFCC48 /* BioViewController.swift in Sources */ = {isa = PBXBuildFile; fileRef = 68A4521929DD78BD00EFCC48 /* BioViewController.swift */; };
		68A4521E29DDDE0D00EFCC48 /* TabBarViewController.swift in Sources */ = {isa = PBXBuildFile; fileRef = 68A4521D29DDDE0D00EFCC48 /* TabBarViewController.swift */; };
		68A4522129DDE01A00EFCC48 /* Extension - UIView.swift in Sources */ = {isa = PBXBuildFile; fileRef = 68A4522029DDE01A00EFCC48 /* Extension - UIView.swift */; };
		68DDEFD129DBF4DB00E107BB /* AppDelegate.swift in Sources */ = {isa = PBXBuildFile; fileRef = 68DDEFD029DBF4DB00E107BB /* AppDelegate.swift */; };
		68DDEFD329DBF4DB00E107BB /* SceneDelegate.swift in Sources */ = {isa = PBXBuildFile; fileRef = 68DDEFD229DBF4DB00E107BB /* SceneDelegate.swift */; };
		68DDEFD529DBF4DB00E107BB /* LoginViewController.swift in Sources */ = {isa = PBXBuildFile; fileRef = 68DDEFD429DBF4DB00E107BB /* LoginViewController.swift */; };
		68DDEFD829DBF4DB00E107BB /* Main.storyboard in Resources */ = {isa = PBXBuildFile; fileRef = 68DDEFD629DBF4DB00E107BB /* Main.storyboard */; };
		68DDEFDA29DBF4DD00E107BB /* Assets.xcassets in Resources */ = {isa = PBXBuildFile; fileRef = 68DDEFD929DBF4DD00E107BB /* Assets.xcassets */; };
		68DDEFDD29DBF4DD00E107BB /* LaunchScreen.storyboard in Resources */ = {isa = PBXBuildFile; fileRef = 68DDEFDB29DBF4DD00E107BB /* LaunchScreen.storyboard */; };
/* End PBXBuildFile section */

/* Begin PBXFileReference section */
		686817E629DC804B005272C2 /* Person.swift */ = {isa = PBXFileReference; lastKnownFileType = sourcecode.swift; path = Person.swift; sourceTree = "<group>"; };
		68A4521529DD784A00EFCC48 /* WelcomeViewController.swift */ = {isa = PBXFileReference; lastKnownFileType = sourcecode.swift; path = WelcomeViewController.swift; sourceTree = "<group>"; };
		68A4521729DD78AC00EFCC48 /* AboutMeViewController.swift */ = {isa = PBXFileReference; lastKnownFileType = sourcecode.swift; path = AboutMeViewController.swift; sourceTree = "<group>"; };
		68A4521929DD78BD00EFCC48 /* BioViewController.swift */ = {isa = PBXFileReference; lastKnownFileType = sourcecode.swift; path = BioViewController.swift; sourceTree = "<group>"; };
		68A4521D29DDDE0D00EFCC48 /* TabBarViewController.swift */ = {isa = PBXFileReference; lastKnownFileType = sourcecode.swift; path = TabBarViewController.swift; sourceTree = "<group>"; };
		68A4522029DDE01A00EFCC48 /* Extension - UIView.swift */ = {isa = PBXFileReference; lastKnownFileType = sourcecode.swift; path = "Extension - UIView.swift"; sourceTree = "<group>"; };
		68DDEFCD29DBF4DB00E107BB /* HomeWork - AboutMe.app */ = {isa = PBXFileReference; explicitFileType = wrapper.application; includeInIndex = 0; path = "HomeWork - AboutMe.app"; sourceTree = BUILT_PRODUCTS_DIR; };
		68DDEFD029DBF4DB00E107BB /* AppDelegate.swift */ = {isa = PBXFileReference; lastKnownFileType = sourcecode.swift; path = AppDelegate.swift; sourceTree = "<group>"; };
		68DDEFD229DBF4DB00E107BB /* SceneDelegate.swift */ = {isa = PBXFileReference; lastKnownFileType = sourcecode.swift; path = SceneDelegate.swift; sourceTree = "<group>"; };
		68DDEFD429DBF4DB00E107BB /* LoginViewController.swift */ = {isa = PBXFileReference; lastKnownFileType = sourcecode.swift; path = LoginViewController.swift; sourceTree = "<group>"; };
		68DDEFD729DBF4DB00E107BB /* Base */ = {isa = PBXFileReference; lastKnownFileType = file.storyboard; name = Base; path = Base.lproj/Main.storyboard; sourceTree = "<group>"; };
		68DDEFD929DBF4DD00E107BB /* Assets.xcassets */ = {isa = PBXFileReference; lastKnownFileType = folder.assetcatalog; path = Assets.xcassets; sourceTree = "<group>"; };
		68DDEFDC29DBF4DD00E107BB /* Base */ = {isa = PBXFileReference; lastKnownFileType = file.storyboard; name = Base; path = Base.lproj/LaunchScreen.storyboard; sourceTree = "<group>"; };
		68DDEFDE29DBF4DD00E107BB /* Info.plist */ = {isa = PBXFileReference; lastKnownFileType = text.plist.xml; path = Info.plist; sourceTree = "<group>"; };
/* End PBXFileReference section */

/* Begin PBXFrameworksBuildPhase section */
		68DDEFCA29DBF4DB00E107BB /* Frameworks */ = {
			isa = PBXFrameworksBuildPhase;
			buildActionMask = 2147483647;
			files = (
			);
			runOnlyForDeploymentPostprocessing = 0;
		};
/* End PBXFrameworksBuildPhase section */

/* Begin PBXGroup section */
		68A4521F29DDDFA500EFCC48 /* Extensions */ = {
			isa = PBXGroup;
			children = (
				68A4522029DDE01A00EFCC48 /* Extension - UIView.swift */,
			);
			path = Extensions;
			sourceTree = "<group>";
		};
		68DDEFC429DBF4DB00E107BB = {
			isa = PBXGroup;
			children = (
				68DDEFCF29DBF4DB00E107BB /* HomeWork - AboutMe */,
				68DDEFCE29DBF4DB00E107BB /* Products */,
			);
			sourceTree = "<group>";
		};
		68DDEFCE29DBF4DB00E107BB /* Products */ = {
			isa = PBXGroup;
			children = (
				68DDEFCD29DBF4DB00E107BB /* HomeWork - AboutMe.app */,
			);
			name = Products;
			sourceTree = "<group>";
		};
		68DDEFCF29DBF4DB00E107BB /* HomeWork - AboutMe */ = {
			isa = PBXGroup;
			children = (
				68DDEFE729DBFA2700E107BB /* Models */,
				68DDEFE529DBF51600E107BB /* ViewControllers */,
				68A4521F29DDDFA500EFCC48 /* Extensions */,
				68DDEFE629DBF52D00E107BB /* Storyboards */,
				68DDEFE429DBF50B00E107BB /* App */,
				68DDEFD929DBF4DD00E107BB /* Assets.xcassets */,
			);
			path = "HomeWork - AboutMe";
			sourceTree = "<group>";
		};
		68DDEFE429DBF50B00E107BB /* App */ = {
			isa = PBXGroup;
			children = (
				68DDEFD029DBF4DB00E107BB /* AppDelegate.swift */,
				68DDEFD229DBF4DB00E107BB /* SceneDelegate.swift */,
				68DDEFDE29DBF4DD00E107BB /* Info.plist */,
			);
			path = App;
			sourceTree = "<group>";
		};
		68DDEFE529DBF51600E107BB /* ViewControllers */ = {
			isa = PBXGroup;
			children = (
				68DDEFD429DBF4DB00E107BB /* LoginViewController.swift */,
				68A4521529DD784A00EFCC48 /* WelcomeViewController.swift */,
				68A4521729DD78AC00EFCC48 /* AboutMeViewController.swift */,
				68A4521929DD78BD00EFCC48 /* BioViewController.swift */,
				68A4521D29DDDE0D00EFCC48 /* TabBarViewController.swift */,
			);
			path = ViewControllers;
			sourceTree = "<group>";
		};
		68DDEFE629DBF52D00E107BB /* Storyboards */ = {
			isa = PBXGroup;
			children = (
				68DDEFD629DBF4DB00E107BB /* Main.storyboard */,
				68DDEFDB29DBF4DD00E107BB /* LaunchScreen.storyboard */,
			);
			path = Storyboards;
			sourceTree = "<group>";
		};
		68DDEFE729DBFA2700E107BB /* Models */ = {
			isa = PBXGroup;
			children = (
				686817E629DC804B005272C2 /* Person.swift */,
			);
			path = Models;
			sourceTree = "<group>";
		};
/* End PBXGroup section */

/* Begin PBXNativeTarget section */
		68DDEFCC29DBF4DB00E107BB /* HomeWork - AboutMe */ = {
			isa = PBXNativeTarget;
			buildConfigurationList = 68DDEFE129DBF4DD00E107BB /* Build configuration list for PBXNativeTarget "HomeWork - AboutMe" */;
			buildPhases = (
				68DDEFC929DBF4DB00E107BB /* Sources */,
				68DDEFCA29DBF4DB00E107BB /* Frameworks */,
				68DDEFCB29DBF4DB00E107BB /* Resources */,
			);
			buildRules = (
			);
			dependencies = (
			);
			name = "HomeWork - AboutMe";
			productName = "HomeWork - AboutMe";
			productReference = 68DDEFCD29DBF4DB00E107BB /* HomeWork - AboutMe.app */;
			productType = "com.apple.product-type.application";
		};
/* End PBXNativeTarget section */

/* Begin PBXProject section */
		68DDEFC529DBF4DB00E107BB /* Project object */ = {
			isa = PBXProject;
			attributes = {
				BuildIndependentTargetsInParallel = 1;
				LastSwiftUpdateCheck = 1430;
				LastUpgradeCheck = 1430;
				TargetAttributes = {
					68DDEFCC29DBF4DB00E107BB = {
						CreatedOnToolsVersion = 14.3;
					};
				};
			};
			buildConfigurationList = 68DDEFC829DBF4DB00E107BB /* Build configuration list for PBXProject "HomeWork - AboutMe" */;
			compatibilityVersion = "Xcode 14.0";
			developmentRegion = en;
			hasScannedForEncodings = 0;
			knownRegions = (
				en,
				Base,
			);
			mainGroup = 68DDEFC429DBF4DB00E107BB;
			productRefGroup = 68DDEFCE29DBF4DB00E107BB /* Products */;
			projectDirPath = "";
			projectRoot = "";
			targets = (
				68DDEFCC29DBF4DB00E107BB /* HomeWork - AboutMe */,
			);
		};
/* End PBXProject section */

/* Begin PBXResourcesBuildPhase section */
		68DDEFCB29DBF4DB00E107BB /* Resources */ = {
			isa = PBXResourcesBuildPhase;
			buildActionMask = 2147483647;
			files = (
				68DDEFDD29DBF4DD00E107BB /* LaunchScreen.storyboard in Resources */,
				68DDEFDA29DBF4DD00E107BB /* Assets.xcassets in Resources */,
				68DDEFD829DBF4DB00E107BB /* Main.storyboard in Resources */,
			);
			runOnlyForDeploymentPostprocessing = 0;
		};
/* End PBXResourcesBuildPhase section */

/* Begin PBXSourcesBuildPhase section */
		68DDEFC929DBF4DB00E107BB /* Sources */ = {
			isa = PBXSourcesBuildPhase;
			buildActionMask = 2147483647;
			files = (
				68A4521E29DDDE0D00EFCC48 /* TabBarViewController.swift in Sources */,
				68A4521A29DD78BD00EFCC48 /* BioViewController.swift in Sources */,
				68DDEFD529DBF4DB00E107BB /* LoginViewController.swift in Sources */,
				68A4522129DDE01A00EFCC48 /* Extension - UIView.swift in Sources */,
				68A4521629DD784A00EFCC48 /* WelcomeViewController.swift in Sources */,
				68DDEFD129DBF4DB00E107BB /* AppDelegate.swift in Sources */,
				686817E729DC804B005272C2 /* Person.swift in Sources */,
				68A4521829DD78AC00EFCC48 /* AboutMeViewController.swift in Sources */,
				68DDEFD329DBF4DB00E107BB /* SceneDelegate.swift in Sources */,
			);
			runOnlyForDeploymentPostprocessing = 0;
		};
/* End PBXSourcesBuildPhase section */

/* Begin PBXVariantGroup section */
		68DDEFD629DBF4DB00E107BB /* Main.storyboard */ = {
			isa = PBXVariantGroup;
			children = (
				68DDEFD729DBF4DB00E107BB /* Base */,
			);
			name = Main.storyboard;
			sourceTree = "<group>";
		};
		68DDEFDB29DBF4DD00E107BB /* LaunchScreen.storyboard */ = {
			isa = PBXVariantGroup;
			children = (
				68DDEFDC29DBF4DD00E107BB /* Base */,
			);
			name = LaunchScreen.storyboard;
			sourceTree = "<group>";
		};
/* End PBXVariantGroup section */

/* Begin XCBuildConfiguration section */
		68DDEFDF29DBF4DD00E107BB /* Debug */ = {
			isa = XCBuildConfiguration;
			buildSettings = {
				ALWAYS_SEARCH_USER_PATHS = NO;
				CLANG_ANALYZER_NONNULL = YES;
				CLANG_ANALYZER_NUMBER_OBJECT_CONVERSION = YES_AGGRESSIVE;
				CLANG_CXX_LANGUAGE_STANDARD = "gnu++20";
				CLANG_ENABLE_MODULES = YES;
				CLANG_ENABLE_OBJC_ARC = YES;
				CLANG_ENABLE_OBJC_WEAK = YES;
				CLANG_WARN_BLOCK_CAPTURE_AUTORELEASING = YES;
				CLANG_WARN_BOOL_CONVERSION = YES;
				CLANG_WARN_COMMA = YES;
				CLANG_WARN_CONSTANT_CONVERSION = YES;
				CLANG_WARN_DEPRECATED_OBJC_IMPLEMENTATIONS = YES;
				CLANG_WARN_DIRECT_OBJC_ISA_USAGE = YES_ERROR;
				CLANG_WARN_DOCUMENTATION_COMMENTS = YES;
				CLANG_WARN_EMPTY_BODY = YES;
				CLANG_WARN_ENUM_CONVERSION = YES;
				CLANG_WARN_INFINITE_RECURSION = YES;
				CLANG_WARN_INT_CONVERSION = YES;
				CLANG_WARN_NON_LITERAL_NULL_CONVERSION = YES;
				CLANG_WARN_OBJC_IMPLICIT_RETAIN_SELF = YES;
				CLANG_WARN_OBJC_LITERAL_CONVERSION = YES;
				CLANG_WARN_OBJC_ROOT_CLASS = YES_ERROR;
				CLANG_WARN_QUOTED_INCLUDE_IN_FRAMEWORK_HEADER = YES;
				CLANG_WARN_RANGE_LOOP_ANALYSIS = YES;
				CLANG_WARN_STRICT_PROTOTYPES = YES;
				CLANG_WARN_SUSPICIOUS_MOVE = YES;
				CLANG_WARN_UNGUARDED_AVAILABILITY = YES_AGGRESSIVE;
				CLANG_WARN_UNREACHABLE_CODE = YES;
				CLANG_WARN__DUPLICATE_METHOD_MATCH = YES;
				COPY_PHASE_STRIP = NO;
				DEBUG_INFORMATION_FORMAT = dwarf;
				ENABLE_STRICT_OBJC_MSGSEND = YES;
				ENABLE_TESTABILITY = YES;
				GCC_C_LANGUAGE_STANDARD = gnu11;
				GCC_DYNAMIC_NO_PIC = NO;
				GCC_NO_COMMON_BLOCKS = YES;
				GCC_OPTIMIZATION_LEVEL = 0;
				GCC_PREPROCESSOR_DEFINITIONS = (
					"DEBUG=1",
					"$(inherited)",
				);
				GCC_WARN_64_TO_32_BIT_CONVERSION = YES;
				GCC_WARN_ABOUT_RETURN_TYPE = YES_ERROR;
				GCC_WARN_UNDECLARED_SELECTOR = YES;
				GCC_WARN_UNINITIALIZED_AUTOS = YES_AGGRESSIVE;
				GCC_WARN_UNUSED_FUNCTION = YES;
				GCC_WARN_UNUSED_VARIABLE = YES;
				IPHONEOS_DEPLOYMENT_TARGET = 16.4;
				MTL_ENABLE_DEBUG_INFO = INCLUDE_SOURCE;
				MTL_FAST_MATH = YES;
				ONLY_ACTIVE_ARCH = YES;
				SDKROOT = iphoneos;
				SWIFT_ACTIVE_COMPILATION_CONDITIONS = DEBUG;
				SWIFT_OPTIMIZATION_LEVEL = "-Onone";
			};
			name = Debug;
		};
		68DDEFE029DBF4DD00E107BB /* Release */ = {
			isa = XCBuildConfiguration;
			buildSettings = {
				ALWAYS_SEARCH_USER_PATHS = NO;
				CLANG_ANALYZER_NONNULL = YES;
				CLANG_ANALYZER_NUMBER_OBJECT_CONVERSION = YES_AGGRESSIVE;
				CLANG_CXX_LANGUAGE_STANDARD = "gnu++20";
				CLANG_ENABLE_MODULES = YES;
				CLANG_ENABLE_OBJC_ARC = YES;
				CLANG_ENABLE_OBJC_WEAK = YES;
				CLANG_WARN_BLOCK_CAPTURE_AUTORELEASING = YES;
				CLANG_WARN_BOOL_CONVERSION = YES;
				CLANG_WARN_COMMA = YES;
				CLANG_WARN_CONSTANT_CONVERSION = YES;
				CLANG_WARN_DEPRECATED_OBJC_IMPLEMENTATIONS = YES;
				CLANG_WARN_DIRECT_OBJC_ISA_USAGE = YES_ERROR;
				CLANG_WARN_DOCUMENTATION_COMMENTS = YES;
				CLANG_WARN_EMPTY_BODY = YES;
				CLANG_WARN_ENUM_CONVERSION = YES;
				CLANG_WARN_INFINITE_RECURSION = YES;
				CLANG_WARN_INT_CONVERSION = YES;
				CLANG_WARN_NON_LITERAL_NULL_CONVERSION = YES;
				CLANG_WARN_OBJC_IMPLICIT_RETAIN_SELF = YES;
				CLANG_WARN_OBJC_LITERAL_CONVERSION = YES;
				CLANG_WARN_OBJC_ROOT_CLASS = YES_ERROR;
				CLANG_WARN_QUOTED_INCLUDE_IN_FRAMEWORK_HEADER = YES;
				CLANG_WARN_RANGE_LOOP_ANALYSIS = YES;
				CLANG_WARN_STRICT_PROTOTYPES = YES;
				CLANG_WARN_SUSPICIOUS_MOVE = YES;
				CLANG_WARN_UNGUARDED_AVAILABILITY = YES_AGGRESSIVE;
				CLANG_WARN_UNREACHABLE_CODE = YES;
				CLANG_WARN__DUPLICATE_METHOD_MATCH = YES;
				COPY_PHASE_STRIP = NO;
				DEBUG_INFORMATION_FORMAT = "dwarf-with-dsym";
				ENABLE_NS_ASSERTIONS = NO;
				ENABLE_STRICT_OBJC_MSGSEND = YES;
				GCC_C_LANGUAGE_STANDARD = gnu11;
				GCC_NO_COMMON_BLOCKS = YES;
				GCC_WARN_64_TO_32_BIT_CONVERSION = YES;
				GCC_WARN_ABOUT_RETURN_TYPE = YES_ERROR;
				GCC_WARN_UNDECLARED_SELECTOR = YES;
				GCC_WARN_UNINITIALIZED_AUTOS = YES_AGGRESSIVE;
				GCC_WARN_UNUSED_FUNCTION = YES;
				GCC_WARN_UNUSED_VARIABLE = YES;
				IPHONEOS_DEPLOYMENT_TARGET = 16.4;
				MTL_ENABLE_DEBUG_INFO = NO;
				MTL_FAST_MATH = YES;
				SDKROOT = iphoneos;
				SWIFT_COMPILATION_MODE = wholemodule;
				SWIFT_OPTIMIZATION_LEVEL = "-O";
				VALIDATE_PRODUCT = YES;
			};
			name = Release;
		};
		68DDEFE229DBF4DD00E107BB /* Debug */ = {
			isa = XCBuildConfiguration;
			buildSettings = {
				ASSETCATALOG_COMPILER_APPICON_NAME = AppIcon;
				ASSETCATALOG_COMPILER_GLOBAL_ACCENT_COLOR_NAME = AccentColor;
				CODE_SIGN_STYLE = Automatic;
				CURRENT_PROJECT_VERSION = 1;
				GENERATE_INFOPLIST_FILE = YES;
				INFOPLIST_FILE = "HomeWork - AboutMe/App/Info.plist";
				INFOPLIST_KEY_UIApplicationSupportsIndirectInputEvents = YES;
				INFOPLIST_KEY_UILaunchStoryboardName = LaunchScreen;
				INFOPLIST_KEY_UIMainStoryboardFile = Main;
				INFOPLIST_KEY_UISupportedInterfaceOrientations = UIInterfaceOrientationPortrait;
				INFOPLIST_KEY_UISupportedInterfaceOrientations_iPad = "UIInterfaceOrientationLandscapeLeft UIInterfaceOrientationLandscapeRight UIInterfaceOrientationPortrait UIInterfaceOrientationPortraitUpsideDown";
				IPHONEOS_DEPLOYMENT_TARGET = 15.5;
				LD_RUNPATH_SEARCH_PATHS = (
					"$(inherited)",
					"@executable_path/Frameworks",
				);
				MARKETING_VERSION = 1.0;
				PRODUCT_BUNDLE_IDENTIFIER = "Vitaliy-Sabin.HomeWork---AboutMe";
				PRODUCT_NAME = "$(TARGET_NAME)";
				SUPPORTED_PLATFORMS = "iphoneos iphonesimulator";
				SUPPORTS_MACCATALYST = NO;
				SUPPORTS_MAC_DESIGNED_FOR_IPHONE_IPAD = NO;
				SWIFT_EMIT_LOC_STRINGS = YES;
				SWIFT_VERSION = 5.0;
				TARGETED_DEVICE_FAMILY = 1;
			};
			name = Debug;
		};
		68DDEFE329DBF4DD00E107BB /* Release */ = {
			isa = XCBuildConfiguration;
			buildSettings = {
				ASSETCATALOG_COMPILER_APPICON_NAME = AppIcon;
				ASSETCATALOG_COMPILER_GLOBAL_ACCENT_COLOR_NAME = AccentColor;
				CODE_SIGN_STYLE = Automatic;
				CURRENT_PROJECT_VERSION = 1;
				GENERATE_INFOPLIST_FILE = YES;
				INFOPLIST_FILE = "HomeWork - AboutMe/App/Info.plist";
				INFOPLIST_KEY_UIApplicationSupportsIndirectInputEvents = YES;
				INFOPLIST_KEY_UILaunchStoryboardName = LaunchScreen;
				INFOPLIST_KEY_UIMainStoryboardFile = Main;
				INFOPLIST_KEY_UISupportedInterfaceOrientations = UIInterfaceOrientationPortrait;
				INFOPLIST_KEY_UISupportedInterfaceOrientations_iPad = "UIInterfaceOrientationLandscapeLeft UIInterfaceOrientationLandscapeRight UIInterfaceOrientationPortrait UIInterfaceOrientationPortraitUpsideDown";
				IPHONEOS_DEPLOYMENT_TARGET = 15.5;
				LD_RUNPATH_SEARCH_PATHS = (
					"$(inherited)",
					"@executable_path/Frameworks",
				);
				MARKETING_VERSION = 1.0;
				PRODUCT_BUNDLE_IDENTIFIER = "Vitaliy-Sabin.HomeWork---AboutMe";
				PRODUCT_NAME = "$(TARGET_NAME)";
				SUPPORTED_PLATFORMS = "iphoneos iphonesimulator";
				SUPPORTS_MACCATALYST = NO;
				SUPPORTS_MAC_DESIGNED_FOR_IPHONE_IPAD = NO;
				SWIFT_EMIT_LOC_STRINGS = YES;
				SWIFT_VERSION = 5.0;
				TARGETED_DEVICE_FAMILY = 1;
			};
			name = Release;
		};
/* End XCBuildConfiguration section */

/* Begin XCConfigurationList section */
		68DDEFC829DBF4DB00E107BB /* Build configuration list for PBXProject "HomeWork - AboutMe" */ = {
			isa = XCConfigurationList;
			buildConfigurations = (
				68DDEFDF29DBF4DD00E107BB /* Debug */,
				68DDEFE029DBF4DD00E107BB /* Release */,
			);
			defaultConfigurationIsVisible = 0;
			defaultConfigurationName = Release;
		};
		68DDEFE129DBF4DD00E107BB /* Build configuration list for PBXNativeTarget "HomeWork - AboutMe" */ = {
			isa = XCConfigurationList;
			buildConfigurations = (
				68DDEFE229DBF4DD00E107BB /* Debug */,
				68DDEFE329DBF4DD00E107BB /* Release */,
			);
			defaultConfigurationIsVisible = 0;
			defaultConfigurationName = Release;
		};
/* End XCConfigurationList section */
	};
	rootObject = 68DDEFC529DBF4DB00E107BB /* Project object */;
}
